// !$*UTF8*$!
{
	archiveVersion = 1;
	classes = {
	};
	objectVersion = 46;
	objects = {

/* Begin PBXBuildFile section */
		6104976D1F3074400061DD71 /* main.m in Sources */ = {isa = PBXBuildFile; fileRef = 6104976C1F3074400061DD71 /* main.m */; };
		610497701F3074400061DD71 /* AppDelegate.m in Sources */ = {isa = PBXBuildFile; fileRef = 6104976F1F3074400061DD71 /* AppDelegate.m */; };
		610497731F3074400061DD71 /* ViewController.m in Sources */ = {isa = PBXBuildFile; fileRef = 610497721F3074400061DD71 /* ViewController.m */; };
		610497761F3074400061DD71 /* Main.storyboard in Resources */ = {isa = PBXBuildFile; fileRef = 610497741F3074400061DD71 /* Main.storyboard */; };
		610497781F3074400061DD71 /* Assets.xcassets in Resources */ = {isa = PBXBuildFile; fileRef = 610497771F3074400061DD71 /* Assets.xcassets */; };
		6104977B1F3074400061DD71 /* LaunchScreen.storyboard in Resources */ = {isa = PBXBuildFile; fileRef = 610497791F3074400061DD71 /* LaunchScreen.storyboard */; };
		610497861F3074400061DD71 /* GifPlayDemoTests.m in Sources */ = {isa = PBXBuildFile; fileRef = 610497851F3074400061DD71 /* GifPlayDemoTests.m */; };
		610497911F3074400061DD71 /* GifPlayDemoUITests.m in Sources */ = {isa = PBXBuildFile; fileRef = 610497901F3074400061DD71 /* GifPlayDemoUITests.m */; };
		610497A01F3074780061DD71 /* UIImageView+GifPlay.m in Sources */ = {isa = PBXBuildFile; fileRef = 6104979F1F3074780061DD71 /* UIImageView+GifPlay.m */; };
		610497A21F3085480061DD71 /* plane.gif in Resources */ = {isa = PBXBuildFile; fileRef = 610497A11F3085480061DD71 /* plane.gif */; };
/* End PBXBuildFile section */

/* Begin PBXContainerItemProxy section */
		610497821F3074400061DD71 /* PBXContainerItemProxy */ = {
			isa = PBXContainerItemProxy;
			containerPortal = 610497601F3074400061DD71 /* Project object */;
			proxyType = 1;
			remoteGlobalIDString = 610497671F3074400061DD71;
			remoteInfo = GifPlayDemo;
		};
		6104978D1F3074400061DD71 /* PBXContainerItemProxy */ = {
			isa = PBXContainerItemProxy;
			containerPortal = 610497601F3074400061DD71 /* Project object */;
			proxyType = 1;
			remoteGlobalIDString = 610497671F3074400061DD71;
			remoteInfo = GifPlayDemo;
		};
/* End PBXContainerItemProxy section */

/* Begin PBXFileReference section */
		610497681F3074400061DD71 /* GifPlayDemo.app */ = {isa = PBXFileReference; explicitFileType = wrapper.application; includeInIndex = 0; path = GifPlayDemo.app; sourceTree = BUILT_PRODUCTS_DIR; };
		6104976C1F3074400061DD71 /* main.m */ = {isa = PBXFileReference; lastKnownFileType = sourcecode.c.objc; path = main.m; sourceTree = "<group>"; };
		6104976E1F3074400061DD71 /* AppDelegate.h */ = {isa = PBXFileReference; lastKnownFileType = sourcecode.c.h; path = AppDelegate.h; sourceTree = "<group>"; };
		6104976F1F3074400061DD71 /* AppDelegate.m */ = {isa = PBXFileReference; lastKnownFileType = sourcecode.c.objc; path = AppDelegate.m; sourceTree = "<group>"; };
		610497711F3074400061DD71 /* ViewController.h */ = {isa = PBXFileReference; lastKnownFileType = sourcecode.c.h; path = ViewController.h; sourceTree = "<group>"; };
		610497721F3074400061DD71 /* ViewController.m */ = {isa = PBXFileReference; lastKnownFileType = sourcecode.c.objc; path = ViewController.m; sourceTree = "<group>"; };
		610497751F3074400061DD71 /* Base */ = {isa = PBXFileReference; lastKnownFileType = file.storyboard; name = Base; path = Base.lproj/Main.storyboard; sourceTree = "<group>"; };
		610497771F3074400061DD71 /* Assets.xcassets */ = {isa = PBXFileReference; lastKnownFileType = folder.assetcatalog; path = Assets.xcassets; sourceTree = "<group>"; };
		6104977A1F3074400061DD71 /* Base */ = {isa = PBXFileReference; lastKnownFileType = file.storyboard; name = Base; path = Base.lproj/LaunchScreen.storyboard; sourceTree = "<group>"; };
		6104977C1F3074400061DD71 /* Info.plist */ = {isa = PBXFileReference; lastKnownFileType = text.plist.xml; path = Info.plist; sourceTree = "<group>"; };
		610497811F3074400061DD71 /* GifPlayDemoTests.xctest */ = {isa = PBXFileReference; explicitFileType = wrapper.cfbundle; includeInIndex = 0; path = GifPlayDemoTests.xctest; sourceTree = BUILT_PRODUCTS_DIR; };
		610497851F3074400061DD71 /* GifPlayDemoTests.m */ = {isa = PBXFileReference; lastKnownFileType = sourcecode.c.objc; path = GifPlayDemoTests.m; sourceTree = "<group>"; };
		610497871F3074400061DD71 /* Info.plist */ = {isa = PBXFileReference; lastKnownFileType = text.plist.xml; path = Info.plist; sourceTree = "<group>"; };
		6104978C1F3074400061DD71 /* GifPlayDemoUITests.xctest */ = {isa = PBXFileReference; explicitFileType = wrapper.cfbundle; includeInIndex = 0; path = GifPlayDemoUITests.xctest; sourceTree = BUILT_PRODUCTS_DIR; };
		610497901F3074400061DD71 /* GifPlayDemoUITests.m */ = {isa = PBXFileReference; lastKnownFileType = sourcecode.c.objc; path = GifPlayDemoUITests.m; sourceTree = "<group>"; };
		610497921F3074400061DD71 /* Info.plist */ = {isa = PBXFileReference; lastKnownFileType = text.plist.xml; path = Info.plist; sourceTree = "<group>"; };
		6104979E1F3074780061DD71 /* UIImageView+GifPlay.h */ = {isa = PBXFileReference; fileEncoding = 4; lastKnownFileType = sourcecode.c.h; path = "UIImageView+GifPlay.h"; sourceTree = "<group>"; };
		6104979F1F3074780061DD71 /* UIImageView+GifPlay.m */ = {isa = PBXFileReference; fileEncoding = 4; lastKnownFileType = sourcecode.c.objc; path = "UIImageView+GifPlay.m"; sourceTree = "<group>"; };
		610497A11F3085480061DD71 /* plane.gif */ = {isa = PBXFileReference; lastKnownFileType = image.gif; path = plane.gif; sourceTree = "<group>"; };
/* End PBXFileReference section */

/* Begin PBXFrameworksBuildPhase section */
		610497651F3074400061DD71 /* Frameworks */ = {
			isa = PBXFrameworksBuildPhase;
			buildActionMask = 2147483647;
			files = (
			);
			runOnlyForDeploymentPostprocessing = 0;
		};
		6104977E1F3074400061DD71 /* Frameworks */ = {
			isa = PBXFrameworksBuildPhase;
			buildActionMask = 2147483647;
			files = (
			);
			runOnlyForDeploymentPostprocessing = 0;
		};
		610497891F3074400061DD71 /* Frameworks */ = {
			isa = PBXFrameworksBuildPhase;
			buildActionMask = 2147483647;
			files = (
			);
			runOnlyForDeploymentPostprocessing = 0;
		};
/* End PBXFrameworksBuildPhase section */

/* Begin PBXGroup section */
		6104975F1F3074400061DD71 = {
			isa = PBXGroup;
			children = (
				6104976A1F3074400061DD71 /* GifPlayDemo */,
				610497841F3074400061DD71 /* GifPlayDemoTests */,
				6104978F1F3074400061DD71 /* GifPlayDemoUITests */,
				610497691F3074400061DD71 /* Products */,
			);
			sourceTree = "<group>";
		};
		610497691F3074400061DD71 /* Products */ = {
			isa = PBXGroup;
			children = (
				610497681F3074400061DD71 /* GifPlayDemo.app */,
				610497811F3074400061DD71 /* GifPlayDemoTests.xctest */,
				6104978C1F3074400061DD71 /* GifPlayDemoUITests.xctest */,
			);
			name = Products;
			sourceTree = "<group>";
		};
		6104976A1F3074400061DD71 /* GifPlayDemo */ = {
			isa = PBXGroup;
			children = (
				610497A11F3085480061DD71 /* plane.gif */,
				6104976E1F3074400061DD71 /* AppDelegate.h */,
				6104976F1F3074400061DD71 /* AppDelegate.m */,
				610497711F3074400061DD71 /* ViewController.h */,
				610497721F3074400061DD71 /* ViewController.m */,
				610497741F3074400061DD71 /* Main.storyboard */,
				610497771F3074400061DD71 /* Assets.xcassets */,
				610497791F3074400061DD71 /* LaunchScreen.storyboard */,
				6104977C1F3074400061DD71 /* Info.plist */,
				6104976B1F3074400061DD71 /* Supporting Files */,
				6104979E1F3074780061DD71 /* UIImageView+GifPlay.h */,
				6104979F1F3074780061DD71 /* UIImageView+GifPlay.m */,
			);
			path = GifPlayDemo;
			sourceTree = "<group>";
		};
		6104976B1F3074400061DD71 /* Supporting Files */ = {
			isa = PBXGroup;
			children = (
				6104976C1F3074400061DD71 /* main.m */,
			);
			name = "Supporting Files";
			sourceTree = "<group>";
		};
		610497841F3074400061DD71 /* GifPlayDemoTests */ = {
			isa = PBXGroup;
			children = (
				610497851F3074400061DD71 /* GifPlayDemoTests.m */,
				610497871F3074400061DD71 /* Info.plist */,
			);
			path = GifPlayDemoTests;
			sourceTree = "<group>";
		};
		6104978F1F3074400061DD71 /* GifPlayDemoUITests */ = {
			isa = PBXGroup;
			children = (
				610497901F3074400061DD71 /* GifPlayDemoUITests.m */,
				610497921F3074400061DD71 /* Info.plist */,
			);
			path = GifPlayDemoUITests;
			sourceTree = "<group>";
		};
/* End PBXGroup section */

/* Begin PBXNativeTarget section */
		610497671F3074400061DD71 /* GifPlayDemo */ = {
			isa = PBXNativeTarget;
			buildConfigurationList = 610497951F3074400061DD71 /* Build configuration list for PBXNativeTarget "GifPlayDemo" */;
			buildPhases = (
				610497641F3074400061DD71 /* Sources */,
				610497651F3074400061DD71 /* Frameworks */,
				610497661F3074400061DD71 /* Resources */,
			);
			buildRules = (
			);
			dependencies = (
			);
			name = GifPlayDemo;
			productName = GifPlayDemo;
			productReference = 610497681F3074400061DD71 /* GifPlayDemo.app */;
			productType = "com.apple.product-type.application";
		};
		610497801F3074400061DD71 /* GifPlayDemoTests */ = {
			isa = PBXNativeTarget;
			buildConfigurationList = 610497981F3074400061DD71 /* Build configuration list for PBXNativeTarget "GifPlayDemoTests" */;
			buildPhases = (
				6104977D1F3074400061DD71 /* Sources */,
				6104977E1F3074400061DD71 /* Frameworks */,
				6104977F1F3074400061DD71 /* Resources */,
			);
			buildRules = (
			);
			dependencies = (
				610497831F3074400061DD71 /* PBXTargetDependency */,
			);
			name = GifPlayDemoTests;
			productName = GifPlayDemoTests;
			productReference = 610497811F3074400061DD71 /* GifPlayDemoTests.xctest */;
			productType = "com.apple.product-type.bundle.unit-test";
		};
		6104978B1F3074400061DD71 /* GifPlayDemoUITests */ = {
			isa = PBXNativeTarget;
			buildConfigurationList = 6104979B1F3074400061DD71 /* Build configuration list for PBXNativeTarget "GifPlayDemoUITests" */;
			buildPhases = (
				610497881F3074400061DD71 /* Sources */,
				610497891F3074400061DD71 /* Frameworks */,
				6104978A1F3074400061DD71 /* Resources */,
			);
			buildRules = (
			);
			dependencies = (
				6104978E1F3074400061DD71 /* PBXTargetDependency */,
			);
			name = GifPlayDemoUITests;
			productName = GifPlayDemoUITests;
			productReference = 6104978C1F3074400061DD71 /* GifPlayDemoUITests.xctest */;
			productType = "com.apple.product-type.bundle.ui-testing";
		};
/* End PBXNativeTarget section */

/* Begin PBXProject section */
		610497601F3074400061DD71 /* Project object */ = {
			isa = PBXProject;
			attributes = {
				LastUpgradeCheck = 0830;
				ORGANIZATIONNAME = com.58ganji;
				TargetAttributes = {
					610497671F3074400061DD71 = {
						CreatedOnToolsVersion = 8.3.3;
						DevelopmentTeam = 4T93Q56553;
						ProvisioningStyle = Automatic;
					};
					610497801F3074400061DD71 = {
						CreatedOnToolsVersion = 8.3.3;
						DevelopmentTeam = 4T93Q56553;
						ProvisioningStyle = Automatic;
						TestTargetID = 610497671F3074400061DD71;
					};
					6104978B1F3074400061DD71 = {
						CreatedOnToolsVersion = 8.3.3;
						DevelopmentTeam = 4T93Q56553;
						ProvisioningStyle = Automatic;
						TestTargetID = 610497671F3074400061DD71;
					};
				};
			};
			buildConfigurationList = 610497631F3074400061DD71 /* Build configuration list for PBXProject "GifPlayDemo" */;
			compatibilityVersion = "Xcode 3.2";
			developmentRegion = English;
			hasScannedForEncodings = 0;
			knownRegions = (
				en,
				Base,
			);
			mainGroup = 6104975F1F3074400061DD71;
			productRefGroup = 610497691F3074400061DD71 /* Products */;
			projectDirPath = "";
			projectRoot = "";
			targets = (
				610497671F3074400061DD71 /* GifPlayDemo */,
				610497801F3074400061DD71 /* GifPlayDemoTests */,
				6104978B1F3074400061DD71 /* GifPlayDemoUITests */,
			);
		};
/* End PBXProject section */

/* Begin PBXResourcesBuildPhase section */
		610497661F3074400061DD71 /* Resources */ = {
			isa = PBXResourcesBuildPhase;
			buildActionMask = 2147483647;
			files = (
				6104977B1F3074400061DD71 /* LaunchScreen.storyboard in Resources */,
				610497A21F3085480061DD71 /* plane.gif in Resources */,
				610497781F3074400061DD71 /* Assets.xcassets in Resources */,
				610497761F3074400061DD71 /* Main.storyboard in Resources */,
			);
			runOnlyForDeploymentPostprocessing = 0;
		};
		6104977F1F3074400061DD71 /* Resources */ = {
			isa = PBXResourcesBuildPhase;
			buildActionMask = 2147483647;
			files = (
			);
			runOnlyForDeploymentPostprocessing = 0;
		};
		6104978A1F3074400061DD71 /* Resources */ = {
			isa = PBXResourcesBuildPhase;
			buildActionMask = 2147483647;
			files = (
			);
			runOnlyForDeploymentPostprocessing = 0;
		};
/* End PBXResourcesBuildPhase section */

/* Begin PBXSourcesBuildPhase section */
		610497641F3074400061DD71 /* Sources */ = {
			isa = PBXSourcesBuildPhase;
			buildActionMask = 2147483647;
			files = (
				610497731F3074400061DD71 /* ViewController.m in Sources */,
				610497701F3074400061DD71 /* AppDelegate.m in Sources */,
				6104976D1F3074400061DD71 /* main.m in Sources */,
				610497A01F3074780061DD71 /* UIImageView+GifPlay.m in Sources */,
			);
			runOnlyForDeploymentPostprocessing = 0;
		};
		6104977D1F3074400061DD71 /* Sources */ = {
			isa = PBXSourcesBuildPhase;
			buildActionMask = 2147483647;
			files = (
				610497861F3074400061DD71 /* GifPlayDemoTests.m in Sources */,
			);
			runOnlyForDeploymentPostprocessing = 0;
		};
		610497881F3074400061DD71 /* Sources */ = {
			isa = PBXSourcesBuildPhase;
			buildActionMask = 2147483647;
			files = (
				610497911F3074400061DD71 /* GifPlayDemoUITests.m in Sources */,
			);
			runOnlyForDeploymentPostprocessing = 0;
		};
/* End PBXSourcesBuildPhase section */

/* Begin PBXTargetDependency section */
		610497831F3074400061DD71 /* PBXTargetDependency */ = {
			isa = PBXTargetDependency;
			target = 610497671F3074400061DD71 /* GifPlayDemo */;
			targetProxy = 610497821F3074400061DD71 /* PBXContainerItemProxy */;
		};
		6104978E1F3074400061DD71 /* PBXTargetDependency */ = {
			isa = PBXTargetDependency;
			target = 610497671F3074400061DD71 /* GifPlayDemo */;
			targetProxy = 6104978D1F3074400061DD71 /* PBXContainerItemProxy */;
		};
/* End PBXTargetDependency section */

/* Begin PBXVariantGroup section */
		610497741F3074400061DD71 /* Main.storyboard */ = {
			isa = PBXVariantGroup;
			children = (
				610497751F3074400061DD71 /* Base */,
			);
			name = Main.storyboard;
			sourceTree = "<group>";
		};
		610497791F3074400061DD71 /* LaunchScreen.storyboard */ = {
			isa = PBXVariantGroup;
			children = (
				6104977A1F3074400061DD71 /* Base */,
			);
			name = LaunchScreen.storyboard;
			sourceTree = "<group>";
		};
/* End PBXVariantGroup section */

/* Begin XCBuildConfiguration section */
		610497931F3074400061DD71 /* Debug */ = {
			isa = XCBuildConfiguration;
			buildSettings = {
				ALWAYS_SEARCH_USER_PATHS = NO;
				CLANG_ANALYZER_NONNULL = YES;
				CLANG_ANALYZER_NUMBER_OBJECT_CONVERSION = YES_AGGRESSIVE;
				CLANG_CXX_LANGUAGE_STANDARD = "gnu++0x";
				CLANG_CXX_LIBRARY = "libc++";
				CLANG_ENABLE_MODULES = YES;
				CLANG_ENABLE_OBJC_ARC = YES;
				CLANG_WARN_BOOL_CONVERSION = YES;
				CLANG_WARN_CONSTANT_CONVERSION = YES;
				CLANG_WARN_DIRECT_OBJC_ISA_USAGE = YES_ERROR;
				CLANG_WARN_DOCUMENTATION_COMMENTS = YES;
				CLANG_WARN_EMPTY_BODY = YES;
				CLANG_WARN_ENUM_CONVERSION = YES;
				CLANG_WARN_INFINITE_RECURSION = YES;
				CLANG_WARN_INT_CONVERSION = YES;
				CLANG_WARN_OBJC_ROOT_CLASS = YES_ERROR;
				CLANG_WARN_SUSPICIOUS_MOVE = YES;
				CLANG_WARN_UNREACHABLE_CODE = YES;
				CLANG_WARN__DUPLICATE_METHOD_MATCH = YES;
				"CODE_SIGN_IDENTITY[sdk=iphoneos*]" = "iPhone Developer";
				COPY_PHASE_STRIP = NO;
				DEBUG_INFORMATION_FORMAT = dwarf;
				ENABLE_STRICT_OBJC_MSGSEND = YES;
				ENABLE_TESTABILITY = YES;
				GCC_C_LANGUAGE_STANDARD = gnu99;
				GCC_DYNAMIC_NO_PIC = NO;
				GCC_NO_COMMON_BLOCKS = YES;
				GCC_OPTIMIZATION_LEVEL = 0;
				GCC_PREPROCESSOR_DEFINITIONS = (
					"DEBUG=1",
					"$(inherited)",
				);
				GCC_WARN_64_TO_32_BIT_CONVERSION = YES;
				GCC_WARN_ABOUT_RETURN_TYPE = YES_ERROR;
				GCC_WARN_UNDECLARED_SELECTOR = YES;
				GCC_WARN_UNINITIALIZED_AUTOS = YES_AGGRESSIVE;
				GCC_WARN_UNUSED_FUNCTION = YES;
				GCC_WARN_UNUSED_VARIABLE = YES;
				IPHONEOS_DEPLOYMENT_TARGET = 10.3;
				MTL_ENABLE_DEBUG_INFO = YES;
				ONLY_ACTIVE_ARCH = YES;
				SDKROOT = iphoneos;
				TARGETED_DEVICE_FAMILY = "1,2";
			};
			name = Debug;
		};
		610497941F3074400061DD71 /* Release */ = {
			isa = XCBuildConfiguration;
			buildSettings = {
				ALWAYS_SEARCH_USER_PATHS = NO;
				CLANG_ANALYZER_NONNULL = YES;
				CLANG_ANALYZER_NUMBER_OBJECT_CONVERSION = YES_AGGRESSIVE;
				CLANG_CXX_LANGUAGE_STANDARD = "gnu++0x";
				CLANG_CXX_LIBRARY = "libc++";
				CLANG_ENABLE_MODULES = YES;
				CLANG_ENABLE_OBJC_ARC = YES;
				CLANG_WARN_BOOL_CONVERSION = YES;
				CLANG_WARN_CONSTANT_CONVERSION = YES;
				CLANG_WARN_DIRECT_OBJC_ISA_USAGE = YES_ERROR;
				CLANG_WARN_DOCUMENTATION_COMMENTS = YES;
				CLANG_WARN_EMPTY_BODY = YES;
				CLANG_WARN_ENUM_CONVERSION = YES;
				CLANG_WARN_INFINITE_RECURSION = YES;
				CLANG_WARN_INT_CONVERSION = YES;
				CLANG_WARN_OBJC_ROOT_CLASS = YES_ERROR;
				CLANG_WARN_SUSPICIOUS_MOVE = YES;
				CLANG_WARN_UNREACHABLE_CODE = YES;
				CLANG_WARN__DUPLICATE_METHOD_MATCH = YES;
				"CODE_SIGN_IDENTITY[sdk=iphoneos*]" = "iPhone Developer";
				COPY_PHASE_STRIP = NO;
				DEBUG_INFORMATION_FORMAT = "dwarf-with-dsym";
				ENABLE_NS_ASSERTIONS = NO;
				ENABLE_STRICT_OBJC_MSGSEND = YES;
				GCC_C_LANGUAGE_STANDARD = gnu99;
				GCC_NO_COMMON_BLOCKS = YES;
				GCC_WARN_64_TO_32_BIT_CONVERSION = YES;
				GCC_WARN_ABOUT_RETURN_TYPE = YES_ERROR;
				GCC_WARN_UNDECLARED_SELECTOR = YES;
				GCC_WARN_UNINITIALIZED_AUTOS = YES_AGGRESSIVE;
				GCC_WARN_UNUSED_FUNCTION = YES;
				GCC_WARN_UNUSED_VARIABLE = YES;
				IPHONEOS_DEPLOYMENT_TARGET = 10.3;
				MTL_ENABLE_DEBUG_INFO = NO;
				SDKROOT = iphoneos;
				TARGETED_DEVICE_FAMILY = "1,2";
				VALIDATE_PRODUCT = YES;
			};
			name = Release;
		};
		610497961F3074400061DD71 /* Debug */ = {
			isa = XCBuildConfiguration;
			buildSettings = {
				ASSETCATALOG_COMPILER_APPICON_NAME = AppIcon;
				DEVELOPMENT_TEAM = 4T93Q56553;
				INFOPLIST_FILE = GifPlayDemo/Info.plist;
				LD_RUNPATH_SEARCH_PATHS = "$(inherited) @executable_path/Frameworks";
				PRODUCT_BUNDLE_IDENTIFIER = com.58ganji.GifPlayDemo;
				PRODUCT_NAME = "$(TARGET_NAME)";
			};
			name = Debug;
		};
		610497971F3074400061DD71 /* Release */ = {
			isa = XCBuildConfiguration;
			buildSettings = {
				ASSETCATALOG_COMPILER_APPICON_NAME = AppIcon;
				DEVELOPMENT_TEAM = 4T93Q56553;
				INFOPLIST_FILE = GifPlayDemo/Info.plist;
				LD_RUNPATH_SEARCH_PATHS = "$(inherited) @executable_path/Frameworks";
				PRODUCT_BUNDLE_IDENTIFIER = com.58ganji.GifPlayDemo;
				PRODUCT_NAME = "$(TARGET_NAME)";
			};
			name = Release;
		};
		610497991F3074400061DD71 /* Debug */ = {
			isa = XCBuildConfiguration;
			buildSettings = {
				BUNDLE_LOADER = "$(TEST_HOST)";
				DEVELOPMENT_TEAM = 4T93Q56553;
				INFOPLIST_FILE = GifPlayDemoTests/Info.plist;
				LD_RUNPATH_SEARCH_PATHS = "$(inherited) @executable_path/Frameworks @loader_path/Frameworks";
				PRODUCT_BUNDLE_IDENTIFIER = com.58ganji.GifPlayDemoTests;
				PRODUCT_NAME = "$(TARGET_NAME)";
				TEST_HOST = "$(BUILT_PRODUCTS_DIR)/GifPlayDemo.app/GifPlayDemo";
			};
			name = Debug;
		};
		6104979A1F3074400061DD71 /* Release */ = {
			isa = XCBuildConfiguration;
			buildSettings = {
				BUNDLE_LOADER = "$(TEST_HOST)";
				DEVELOPMENT_TEAM = 4T93Q56553;
				INFOPLIST_FILE = GifPlayDemoTests/Info.plist;
				LD_RUNPATH_SEARCH_PATHS = "$(inherited) @executable_path/Frameworks @loader_path/Frameworks";
				PRODUCT_BUNDLE_IDENTIFIER = com.58ganji.GifPlayDemoTests;
				PRODUCT_NAME = "$(TARGET_NAME)";
				TEST_HOST = "$(BUILT_PRODUCTS_DIR)/GifPlayDemo.app/GifPlayDemo";
			};
			name = Release;
		};
		6104979C1F3074400061DD71 /* Debug */ = {
			isa = XCBuildConfiguration;
			buildSettings = {
				DEVELOPMENT_TEAM = 4T93Q56553;
				INFOPLIST_FILE = GifPlayDemoUITests/Info.plist;
				LD_RUNPATH_SEARCH_PATHS = "$(inherited) @executable_path/Frameworks @loader_path/Frameworks";
				PRODUCT_BUNDLE_IDENTIFIER = com.58ganji.GifPlayDemoUITests;
				PRODUCT_NAME = "$(TARGET_NAME)";
				TEST_TARGET_NAME = GifPlayDemo;
			};
			name = Debug;
		};
		6104979D1F3074400061DD71 /* Release */ = {
			isa = XCBuildConfiguration;
			buildSettings = {
				DEVELOPMENT_TEAM = 4T93Q56553;
				INFOPLIST_FILE = GifPlayDemoUITests/Info.plist;
				LD_RUNPATH_SEARCH_PATHS = "$(inherited) @executable_path/Frameworks @loader_path/Frameworks";
				PRODUCT_BUNDLE_IDENTIFIER = com.58ganji.GifPlayDemoUITests;
				PRODUCT_NAME = "$(TARGET_NAME)";
				TEST_TARGET_NAME = GifPlayDemo;
			};
			name = Release;
		};
/* End XCBuildConfiguration section */

/* Begin XCConfigurationList section */
		610497631F3074400061DD71 /* Build configuration list for PBXProject "GifPlayDemo" */ = {
			isa = XCConfigurationList;
			buildConfigurations = (
				610497931F3074400061DD71 /* Debug */,
				610497941F3074400061DD71 /* Release */,
			);
			defaultConfigurationIsVisible = 0;
			defaultConfigurationName = Release;
		};
		610497951F3074400061DD71 /* Build configuration list for PBXNativeTarget "GifPlayDemo" */ = {
			isa = XCConfigurationList;
			buildConfigurations = (
				610497961F3074400061DD71 /* Debug */,
				610497971F3074400061DD71 /* Release */,
			);
			defaultConfigurationIsVisible = 0;
		};
		610497981F3074400061DD71 /* Build configuration list for PBXNativeTarget "GifPlayDemoTests" */ = {
			isa = XCConfigurationList;
			buildConfigurations = (
				610497991F3074400061DD71 /* Debug */,
				6104979A1F3074400061DD71 /* Release */,
			);
			defaultConfigurationIsVisible = 0;
		};
		6104979B1F3074400061DD71 /* Build configuration list for PBXNativeTarget "GifPlayDemoUITests" */ = {
			isa = XCConfigurationList;
			buildConfigurations = (
				6104979C1F3074400061DD71 /* Debug */,
				6104979D1F3074400061DD71 /* Release */,
			);
			defaultConfigurationIsVisible = 0;
		};
/* End XCConfigurationList section */
	};
	rootObject = 610497601F3074400061DD71 /* Project object */;
}
